
Microsoft Visual Studio Solution File, Format Version 12.00
# Visual Studio Version 17
VisualStudioVersion = 17.10.35013.160
MinimumVisualStudioVersion = 10.0.40219.1
Project("{FAE04EC0-301F-11D3-BF4B-00C04F79EFBC}") = "projet_web_atrio", "projet_web_atrio\projet_web_atrio.csproj", "{07EB41C4-0092-466F-B4A2-B9A01DC9592F}"
EndProject
Global
	GlobalSection(SolutionConfigurationPlatforms) = preSolution
		Debug|Any CPU = Debug|Any CPU
		Release|Any CPU = Release|Any CPU
	EndGlobalSection
	GlobalSection(ProjectConfigurationPlatforms) = postSolution
		{07EB41C4-0092-466F-B4A2-B9A01DC9592F}.Debug|Any CPU.ActiveCfg = Debug|Any CPU
		{07EB41C4-0092-466F-B4A2-B9A01DC9592F}.Debug|Any CPU.Build.0 = Debug|Any CPU
		{07EB41C4-0092-466F-B4A2-B9A01DC9592F}.Release|Any CPU.ActiveCfg = Release|Any CPU
		{07EB41C4-0092-466F-B4A2-B9A01DC9592F}.Release|Any CPU.Build.0 = Release|Any CPU
	EndGlobalSection
	GlobalSection(SolutionProperties) = preSolution
		HideSolutionNode = FALSE
	EndGlobalSection
	GlobalSection(ExtensibilityGlobals) = postSolution
		SolutionGuid = {BEE2619E-9D33-4F26-A024-4A16B8397560}
	EndGlobalSection
EndGlobal
